{
  "name": "@ristostevcev/bs-callbag-from-obs",
  "version": "1.0.0",
  "lockfileVersion": 1,
  "requires": true,
  "dependencies": {
    "@ristostevcev/bs-callbag": {
      "version": "1.1.0",
      "resolved": "https://registry.npmjs.org/@ristostevcev/bs-callbag/-/bs-callbag-1.1.0.tgz",
      "integrity": "sha512-jsPZV2cWj9gSpZDGs8xA3GxAuhCJYvB/NHuzxMw5SAGoaXVWwMZD+XtkPlnpdU9nFGGUXSyMn160Ge0MfFKxQQ=="
    },
    "bs-platform": {
      "version": "4.0.3",
      "resolved": "https://registry.npmjs.org/bs-platform/-/bs-platform-4.0.3.tgz",
      "integrity": "sha1-RRDByRXMWxabVxflwK2lLT+Z/5g=",
      "dev": true
    },
    "callbag-from-obs": {
      "version": "1.2.0",
      "resolved": "https://registry.npmjs.org/callbag-from-obs/-/callbag-from-obs-1.2.0.tgz",
      "integrity": "sha512-InhdPC6P4Gdpg7nuXSkocDFlb+//sbwCrVCYhxOHhSVm1gDcw/zSA+IF1gHdYtk4RQKKaCymUFCkVVUVSRThVQ==",
      "requires": {
        "symbol-observable": "^1.2.0"
      }
    },
    "callbag-observe": {
      "version": "1.0.0",
      "resolved": "https://registry.npmjs.org/callbag-observe/-/callbag-observe-1.0.0.tgz",
      "integrity": "sha512-ZwNu0qvbyNQMw0pHnbn+Zdmfe0FvHlzQy28b84Ba4kg5O6F/LrVB9/ljGN5hqf6OXYukk38ThhmM/NPdkmrH9w==",
      "dev": true
    },
    "symbol-observable": {
      "version": "1.2.0",
      "resolved": "https://registry.npmjs.org/symbol-observable/-/symbol-observable-1.2.0.tgz",
      "integrity": "sha512-e900nM8RRtGhlV36KGEU9k65K3mPb1WV70OdjfxlG2EAuM1noi/E/BaW/uMhL7bPEssK8QV57vN3esixjUvcXQ=="
    }
  }
}
